
Microsoft Visual Studio Solution File, Format Version 12.00
# Visual Studio Version 17
VisualStudioVersion = 17.11.35303.130
MinimumVisualStudioVersion = 10.0.40219.1
Project("{9A19103F-16F7-4668-BE54-9A1E7A4F7556}") = "BlogPlatform", "BlogPlatform\BlogPlatform.csproj", "{399D69D8-2C0B-4DE6-B38C-664D8956C0E3}"
EndProject
Project("{9A19103F-16F7-4668-BE54-9A1E7A4F7556}") = "BlogPlatform.Domain", "BlogPlatform.Domain\BlogPlatform.Domain.csproj", "{BBE94FFC-2C31-4CDB-9AC4-8996C0EDD05A}"
EndProject
Project("{FAE04EC0-301F-11D3-BF4B-00C04F79EFBC}") = "AzureBlobProject", "AzureBlobProject\AzureBlobProject.csproj", "{2B956B64-D735-4C4F-A303-26B58D8F5076}"
EndProject
Global
	GlobalSection(SolutionConfigurationPlatforms) = preSolution
		Debug|Any CPU = Debug|Any CPU
		Release|Any CPU = Release|Any CPU
	EndGlobalSection
	GlobalSection(ProjectConfigurationPlatforms) = postSolution
		{399D69D8-2C0B-4DE6-B38C-664D8956C0E3}.Debug|Any CPU.ActiveCfg = Debug|Any CPU
		{399D69D8-2C0B-4DE6-B38C-664D8956C0E3}.Debug|Any CPU.Build.0 = Debug|Any CPU
		{399D69D8-2C0B-4DE6-B38C-664D8956C0E3}.Release|Any CPU.ActiveCfg = Release|Any CPU
		{399D69D8-2C0B-4DE6-B38C-664D8956C0E3}.Release|Any CPU.Build.0 = Release|Any CPU
		{BBE94FFC-2C31-4CDB-9AC4-8996C0EDD05A}.Debug|Any CPU.ActiveCfg = Debug|Any CPU
		{BBE94FFC-2C31-4CDB-9AC4-8996C0EDD05A}.Debug|Any CPU.Build.0 = Debug|Any CPU
		{BBE94FFC-2C31-4CDB-9AC4-8996C0EDD05A}.Release|Any CPU.ActiveCfg = Release|Any CPU
		{BBE94FFC-2C31-4CDB-9AC4-8996C0EDD05A}.Release|Any CPU.Build.0 = Release|Any CPU
		{2B956B64-D735-4C4F-A303-26B58D8F5076}.Debug|Any CPU.ActiveCfg = Debug|Any CPU
		{2B956B64-D735-4C4F-A303-26B58D8F5076}.Debug|Any CPU.Build.0 = Debug|Any CPU
		{2B956B64-D735-4C4F-A303-26B58D8F5076}.Release|Any CPU.ActiveCfg = Release|Any CPU
		{2B956B64-D735-4C4F-A303-26B58D8F5076}.Release|Any CPU.Build.0 = Release|Any CPU
	EndGlobalSection
	GlobalSection(SolutionProperties) = preSolution
		HideSolutionNode = FALSE
	EndGlobalSection
	GlobalSection(ExtensibilityGlobals) = postSolution
		SolutionGuid = {94DF4381-CD6D-4722-9267-2BE60B7050C0}
	EndGlobalSection
EndGlobal
